
Microsoft Visual Studio Solution File, Format Version 12.00
# Visual Studio 15
VisualStudioVersion = 15.0.28010.2036
MinimumVisualStudioVersion = 10.0.40219.1
Project("{FAE04EC0-301F-11D3-BF4B-00C04F79EFBC}") = "CountRealNumbers", "Lab\CountRealNumbers.csproj", "{44324098-87C6-4B76-8CEF-C9C38A131DF5}"
EndProject
Project("{FAE04EC0-301F-11D3-BF4B-00C04F79EFBC}") = "WordSynonyms", "WordSynonyms\WordSynonyms.csproj", "{DA1DE704-D62B-41EA-9386-E731CF706407}"
EndProject
Project("{FAE04EC0-301F-11D3-BF4B-00C04F79EFBC}") = "OddOccurrences", "OddOccurrences\OddOccurrences.csproj", "{C369481D-291F-45FF-8F13-13E3F82A46B6}"
EndProject
Project("{FAE04EC0-301F-11D3-BF4B-00C04F79EFBC}") = "WordFilter", "WordFilter\WordFilter.csproj", "{931965E4-2621-4DD8-A073-D02B1FAE1A89}"
EndProject
Project("{FAE04EC0-301F-11D3-BF4B-00C04F79EFBC}") = "Largest3Numbers", "Largest3Numbers\Largest3Numbers.csproj", "{0F53BB1D-4588-4D01-9C35-6DD22C11E0EE}"
EndProject
Global
	GlobalSection(SolutionConfigurationPlatforms) = preSolution
		Debug|Any CPU = Debug|Any CPU
		Release|Any CPU = Release|Any CPU
	EndGlobalSection
	GlobalSection(ProjectConfigurationPlatforms) = postSolution
		{44324098-87C6-4B76-8CEF-C9C38A131DF5}.Debug|Any CPU.ActiveCfg = Debug|Any CPU
		{44324098-87C6-4B76-8CEF-C9C38A131DF5}.Debug|Any CPU.Build.0 = Debug|Any CPU
		{44324098-87C6-4B76-8CEF-C9C38A131DF5}.Release|Any CPU.ActiveCfg = Release|Any CPU
		{44324098-87C6-4B76-8CEF-C9C38A131DF5}.Release|Any CPU.Build.0 = Release|Any CPU
		{DA1DE704-D62B-41EA-9386-E731CF706407}.Debug|Any CPU.ActiveCfg = Debug|Any CPU
		{DA1DE704-D62B-41EA-9386-E731CF706407}.Debug|Any CPU.Build.0 = Debug|Any CPU
		{DA1DE704-D62B-41EA-9386-E731CF706407}.Release|Any CPU.ActiveCfg = Release|Any CPU
		{DA1DE704-D62B-41EA-9386-E731CF706407}.Release|Any CPU.Build.0 = Release|Any CPU
		{C369481D-291F-45FF-8F13-13E3F82A46B6}.Debug|Any CPU.ActiveCfg = Debug|Any CPU
		{C369481D-291F-45FF-8F13-13E3F82A46B6}.Debug|Any CPU.Build.0 = Debug|Any CPU
		{C369481D-291F-45FF-8F13-13E3F82A46B6}.Release|Any CPU.ActiveCfg = Release|Any CPU
		{C369481D-291F-45FF-8F13-13E3F82A46B6}.Release|Any CPU.Build.0 = Release|Any CPU
		{931965E4-2621-4DD8-A073-D02B1FAE1A89}.Debug|Any CPU.ActiveCfg = Debug|Any CPU
		{931965E4-2621-4DD8-A073-D02B1FAE1A89}.Debug|Any CPU.Build.0 = Debug|Any CPU
		{931965E4-2621-4DD8-A073-D02B1FAE1A89}.Release|Any CPU.ActiveCfg = Release|Any CPU
		{931965E4-2621-4DD8-A073-D02B1FAE1A89}.Release|Any CPU.Build.0 = Release|Any CPU
		{0F53BB1D-4588-4D01-9C35-6DD22C11E0EE}.Debug|Any CPU.ActiveCfg = Debug|Any CPU
		{0F53BB1D-4588-4D01-9C35-6DD22C11E0EE}.Debug|Any CPU.Build.0 = Debug|Any CPU
		{0F53BB1D-4588-4D01-9C35-6DD22C11E0EE}.Release|Any CPU.ActiveCfg = Release|Any CPU
		{0F53BB1D-4588-4D01-9C35-6DD22C11E0EE}.Release|Any CPU.Build.0 = Release|Any CPU
	EndGlobalSection
	GlobalSection(SolutionProperties) = preSolution
		HideSolutionNode = FALSE
	EndGlobalSection
	GlobalSection(ExtensibilityGlobals) = postSolution
		SolutionGuid = {EEB74B82-7441-463A-8D64-FA0A2FEF3DBC}
	EndGlobalSection
EndGlobal
