
Microsoft Visual Studio Solution File, Format Version 12.00
# Visual Studio 15
VisualStudioVersion = 15.0.28010.2036
MinimumVisualStudioVersion = 10.0.40219.1
Project("{9A19103F-16F7-4668-BE54-9A1E7A4F7556}") = "MatchFullName", "Lab\MatchFullName.csproj", "{BB80DD24-A578-461A-8316-3579987A08F3}"
EndProject
Project("{FAE04EC0-301F-11D3-BF4B-00C04F79EFBC}") = "MatchDates", "MatchDates\MatchDates.csproj", "{06B82154-9B6A-4185-BC1C-635958AEB3F7}"
EndProject
Project("{FAE04EC0-301F-11D3-BF4B-00C04F79EFBC}") = "MatchPhoneNumber", "MatchPhoneNumber\MatchPhoneNumber.csproj", "{C0F910E2-1D3C-4638-A511-BFC6CF6FB738}"
EndProject
Global
	GlobalSection(SolutionConfigurationPlatforms) = preSolution
		Debug|Any CPU = Debug|Any CPU
		Release|Any CPU = Release|Any CPU
	EndGlobalSection
	GlobalSection(ProjectConfigurationPlatforms) = postSolution
		{BB80DD24-A578-461A-8316-3579987A08F3}.Debug|Any CPU.ActiveCfg = Debug|Any CPU
		{BB80DD24-A578-461A-8316-3579987A08F3}.Debug|Any CPU.Build.0 = Debug|Any CPU
		{BB80DD24-A578-461A-8316-3579987A08F3}.Release|Any CPU.ActiveCfg = Release|Any CPU
		{BB80DD24-A578-461A-8316-3579987A08F3}.Release|Any CPU.Build.0 = Release|Any CPU
		{06B82154-9B6A-4185-BC1C-635958AEB3F7}.Debug|Any CPU.ActiveCfg = Debug|Any CPU
		{06B82154-9B6A-4185-BC1C-635958AEB3F7}.Debug|Any CPU.Build.0 = Debug|Any CPU
		{06B82154-9B6A-4185-BC1C-635958AEB3F7}.Release|Any CPU.ActiveCfg = Release|Any CPU
		{06B82154-9B6A-4185-BC1C-635958AEB3F7}.Release|Any CPU.Build.0 = Release|Any CPU
		{C0F910E2-1D3C-4638-A511-BFC6CF6FB738}.Debug|Any CPU.ActiveCfg = Debug|Any CPU
		{C0F910E2-1D3C-4638-A511-BFC6CF6FB738}.Debug|Any CPU.Build.0 = Debug|Any CPU
		{C0F910E2-1D3C-4638-A511-BFC6CF6FB738}.Release|Any CPU.ActiveCfg = Release|Any CPU
		{C0F910E2-1D3C-4638-A511-BFC6CF6FB738}.Release|Any CPU.Build.0 = Release|Any CPU
	EndGlobalSection
	GlobalSection(SolutionProperties) = preSolution
		HideSolutionNode = FALSE
	EndGlobalSection
	GlobalSection(ExtensibilityGlobals) = postSolution
		SolutionGuid = {03498AEA-AB2E-41EE-8D6E-8A67531C13A6}
	EndGlobalSection
EndGlobal
