
Microsoft Visual Studio Solution File, Format Version 12.00
# Visual Studio 15
VisualStudioVersion = 15.0.28010.2036
MinimumVisualStudioVersion = 10.0.40219.1
Project("{9A19103F-16F7-4668-BE54-9A1E7A4F7556}") = "Ranking", "MoreExersice\Ranking.csproj", "{42A3BD0C-DB20-4E14-A08C-50A975C15FB6}"
EndProject
Project("{FAE04EC0-301F-11D3-BF4B-00C04F79EFBC}") = "Judge", "Judge\Judge.csproj", "{B0A3CD5E-7FF0-4E0A-8BAF-EED1ECC5EE70}"
EndProject
Global
	GlobalSection(SolutionConfigurationPlatforms) = preSolution
		Debug|Any CPU = Debug|Any CPU
		Release|Any CPU = Release|Any CPU
	EndGlobalSection
	GlobalSection(ProjectConfigurationPlatforms) = postSolution
		{42A3BD0C-DB20-4E14-A08C-50A975C15FB6}.Debug|Any CPU.ActiveCfg = Debug|Any CPU
		{42A3BD0C-DB20-4E14-A08C-50A975C15FB6}.Debug|Any CPU.Build.0 = Debug|Any CPU
		{42A3BD0C-DB20-4E14-A08C-50A975C15FB6}.Release|Any CPU.ActiveCfg = Release|Any CPU
		{42A3BD0C-DB20-4E14-A08C-50A975C15FB6}.Release|Any CPU.Build.0 = Release|Any CPU
		{B0A3CD5E-7FF0-4E0A-8BAF-EED1ECC5EE70}.Debug|Any CPU.ActiveCfg = Debug|Any CPU
		{B0A3CD5E-7FF0-4E0A-8BAF-EED1ECC5EE70}.Debug|Any CPU.Build.0 = Debug|Any CPU
		{B0A3CD5E-7FF0-4E0A-8BAF-EED1ECC5EE70}.Release|Any CPU.ActiveCfg = Release|Any CPU
		{B0A3CD5E-7FF0-4E0A-8BAF-EED1ECC5EE70}.Release|Any CPU.Build.0 = Release|Any CPU
	EndGlobalSection
	GlobalSection(SolutionProperties) = preSolution
		HideSolutionNode = FALSE
	EndGlobalSection
	GlobalSection(ExtensibilityGlobals) = postSolution
		SolutionGuid = {21B7033C-BE2E-4B30-B774-2AC6AC0D50FC}
	EndGlobalSection
EndGlobal
